// !$*UTF8*$!
{
	archiveVersion = 1;
	classes = {
	};
	objectVersion = 56;
	objects = {

/* Begin PBXBuildFile section */
		6E3C7F3A28E1A84500BE5942 /* AfricaApp.swift in Sources */ = {isa = PBXBuildFile; fileRef = 6E3C7F3928E1A84500BE5942 /* AfricaApp.swift */; };
		6E3C7F3C28E1A84500BE5942 /* ContentView.swift in Sources */ = {isa = PBXBuildFile; fileRef = 6E3C7F3B28E1A84500BE5942 /* ContentView.swift */; };
		6E3C7F3E28E1A84800BE5942 /* Assets.xcassets in Resources */ = {isa = PBXBuildFile; fileRef = 6E3C7F3D28E1A84800BE5942 /* Assets.xcassets */; };
		6E3C7F4128E1A84800BE5942 /* Preview Assets.xcassets in Resources */ = {isa = PBXBuildFile; fileRef = 6E3C7F4028E1A84800BE5942 /* Preview Assets.xcassets */; };
		6E5C30D528E1C86400A13A8F /* InsetFactView.swift in Sources */ = {isa = PBXBuildFile; fileRef = 6E5C30D428E1C86400A13A8F /* InsetFactView.swift */; };
		6EEA909E28E1A9C6002D7511 /* covers.json in Resources */ = {isa = PBXBuildFile; fileRef = 6EEA909A28E1A9C6002D7511 /* covers.json */; };
		6EEA909F28E1A9C6002D7511 /* animals.json in Resources */ = {isa = PBXBuildFile; fileRef = 6EEA909B28E1A9C6002D7511 /* animals.json */; };
		6EEA90A028E1A9C6002D7511 /* locations.json in Resources */ = {isa = PBXBuildFile; fileRef = 6EEA909C28E1A9C6002D7511 /* locations.json */; };
		6EEA90A128E1A9C6002D7511 /* videos.json in Resources */ = {isa = PBXBuildFile; fileRef = 6EEA909D28E1A9C6002D7511 /* videos.json */; };
		6EEA90AD28E1A9E2002D7511 /* hippo.mp4 in Resources */ = {isa = PBXBuildFile; fileRef = 6EEA90A328E1A9E2002D7511 /* hippo.mp4 */; };
		6EEA90AE28E1A9E2002D7511 /* zebra.mp4 in Resources */ = {isa = PBXBuildFile; fileRef = 6EEA90A428E1A9E2002D7511 /* zebra.mp4 */; };
		6EEA90AF28E1A9E2002D7511 /* giraffe.mp4 in Resources */ = {isa = PBXBuildFile; fileRef = 6EEA90A528E1A9E2002D7511 /* giraffe.mp4 */; };
		6EEA90B028E1A9E2002D7511 /* lion.mp4 in Resources */ = {isa = PBXBuildFile; fileRef = 6EEA90A628E1A9E2002D7511 /* lion.mp4 */; };
		6EEA90B128E1A9E2002D7511 /* rhino.mp4 in Resources */ = {isa = PBXBuildFile; fileRef = 6EEA90A728E1A9E2002D7511 /* rhino.mp4 */; };
		6EEA90B228E1A9E2002D7511 /* cheetah.mp4 in Resources */ = {isa = PBXBuildFile; fileRef = 6EEA90A828E1A9E2002D7511 /* cheetah.mp4 */; };
		6EEA90B328E1A9E2002D7511 /* gorilla.mp4 in Resources */ = {isa = PBXBuildFile; fileRef = 6EEA90A928E1A9E2002D7511 /* gorilla.mp4 */; };
		6EEA90B428E1A9E2002D7511 /* ostrich.mp4 in Resources */ = {isa = PBXBuildFile; fileRef = 6EEA90AA28E1A9E2002D7511 /* ostrich.mp4 */; };
		6EEA90B528E1A9E2002D7511 /* elephant.mp4 in Resources */ = {isa = PBXBuildFile; fileRef = 6EEA90AB28E1A9E2002D7511 /* elephant.mp4 */; };
		6EEA90B628E1A9E2002D7511 /* lioness.mp4 in Resources */ = {isa = PBXBuildFile; fileRef = 6EEA90AC28E1A9E2002D7511 /* lioness.mp4 */; };
		6EEA90BC28E1A9F6002D7511 /* AnimalModel.swift in Sources */ = {isa = PBXBuildFile; fileRef = 6EEA90B828E1A9F6002D7511 /* AnimalModel.swift */; };
		6EEA90BD28E1A9F6002D7511 /* LocationModel.swift in Sources */ = {isa = PBXBuildFile; fileRef = 6EEA90B928E1A9F6002D7511 /* LocationModel.swift */; };
		6EEA90BE28E1A9F6002D7511 /* CoverImageModel.swift in Sources */ = {isa = PBXBuildFile; fileRef = 6EEA90BA28E1A9F6002D7511 /* CoverImageModel.swift */; };
		6EEA90BF28E1A9F6002D7511 /* VideoModel.swift in Sources */ = {isa = PBXBuildFile; fileRef = 6EEA90BB28E1A9F6002D7511 /* VideoModel.swift */; };
		6EEA90C428E1AB0D002D7511 /* VideoListView.swift in Sources */ = {isa = PBXBuildFile; fileRef = 6EEA90C328E1AB0D002D7511 /* VideoListView.swift */; };
		6EEA90C628E1AB14002D7511 /* MapView.swift in Sources */ = {isa = PBXBuildFile; fileRef = 6EEA90C528E1AB14002D7511 /* MapView.swift */; };
		6EEA90C828E1AB21002D7511 /* GalleryView.swift in Sources */ = {isa = PBXBuildFile; fileRef = 6EEA90C728E1AB21002D7511 /* GalleryView.swift */; };
		6EEA90CA28E1AB2C002D7511 /* MainView.swift in Sources */ = {isa = PBXBuildFile; fileRef = 6EEA90C928E1AB2C002D7511 /* MainView.swift */; };
		6EEA90CC28E1AC7D002D7511 /* CoverImageView.swift in Sources */ = {isa = PBXBuildFile; fileRef = 6EEA90CB28E1AC7D002D7511 /* CoverImageView.swift */; };
		6EEA90CF28E1AFD7002D7511 /* CodableBundleExtension.swift in Sources */ = {isa = PBXBuildFile; fileRef = 6EEA90CE28E1AFD7002D7511 /* CodableBundleExtension.swift */; };
		6EEA90D128E1B22A002D7511 /* AnimalListItemView.swift in Sources */ = {isa = PBXBuildFile; fileRef = 6EEA90D028E1B22A002D7511 /* AnimalListItemView.swift */; };
		6EEA90D328E1B63D002D7511 /* AnimalDetailView.swift in Sources */ = {isa = PBXBuildFile; fileRef = 6EEA90D228E1B63D002D7511 /* AnimalDetailView.swift */; };
		6EEA90D528E1B786002D7511 /* HeadingView.swift in Sources */ = {isa = PBXBuildFile; fileRef = 6EEA90D428E1B786002D7511 /* HeadingView.swift */; };
		6EEA90D728E1C4F5002D7511 /* InsetGalleryView.swift in Sources */ = {isa = PBXBuildFile; fileRef = 6EEA90D628E1C4F5002D7511 /* InsetGalleryView.swift */; };
/* End PBXBuildFile section */

/* Begin PBXFileReference section */
		6E3C7F3628E1A84500BE5942 /* Africa.app */ = {isa = PBXFileReference; explicitFileType = wrapper.application; includeInIndex = 0; path = Africa.app; sourceTree = BUILT_PRODUCTS_DIR; };
		6E3C7F3928E1A84500BE5942 /* AfricaApp.swift */ = {isa = PBXFileReference; lastKnownFileType = sourcecode.swift; path = AfricaApp.swift; sourceTree = "<group>"; };
		6E3C7F3B28E1A84500BE5942 /* ContentView.swift */ = {isa = PBXFileReference; lastKnownFileType = sourcecode.swift; path = ContentView.swift; sourceTree = "<group>"; };
		6E3C7F3D28E1A84800BE5942 /* Assets.xcassets */ = {isa = PBXFileReference; lastKnownFileType = folder.assetcatalog; path = Assets.xcassets; sourceTree = "<group>"; };
		6E3C7F4028E1A84800BE5942 /* Preview Assets.xcassets */ = {isa = PBXFileReference; lastKnownFileType = folder.assetcatalog; path = "Preview Assets.xcassets"; sourceTree = "<group>"; };
		6E5C30D428E1C86400A13A8F /* InsetFactView.swift */ = {isa = PBXFileReference; lastKnownFileType = sourcecode.swift; path = InsetFactView.swift; sourceTree = "<group>"; };
		6EEA909A28E1A9C6002D7511 /* covers.json */ = {isa = PBXFileReference; fileEncoding = 4; lastKnownFileType = text.json; path = covers.json; sourceTree = "<group>"; };
		6EEA909B28E1A9C6002D7511 /* animals.json */ = {isa = PBXFileReference; fileEncoding = 4; lastKnownFileType = text.json; path = animals.json; sourceTree = "<group>"; };
		6EEA909C28E1A9C6002D7511 /* locations.json */ = {isa = PBXFileReference; fileEncoding = 4; lastKnownFileType = text.json; path = locations.json; sourceTree = "<group>"; };
		6EEA909D28E1A9C6002D7511 /* videos.json */ = {isa = PBXFileReference; fileEncoding = 4; lastKnownFileType = text.json; path = videos.json; sourceTree = "<group>"; };
		6EEA90A328E1A9E2002D7511 /* hippo.mp4 */ = {isa = PBXFileReference; lastKnownFileType = file; path = hippo.mp4; sourceTree = "<group>"; };
		6EEA90A428E1A9E2002D7511 /* zebra.mp4 */ = {isa = PBXFileReference; lastKnownFileType = file; path = zebra.mp4; sourceTree = "<group>"; };
		6EEA90A528E1A9E2002D7511 /* giraffe.mp4 */ = {isa = PBXFileReference; lastKnownFileType = file; path = giraffe.mp4; sourceTree = "<group>"; };
		6EEA90A628E1A9E2002D7511 /* lion.mp4 */ = {isa = PBXFileReference; lastKnownFileType = file; path = lion.mp4; sourceTree = "<group>"; };
		6EEA90A728E1A9E2002D7511 /* rhino.mp4 */ = {isa = PBXFileReference; lastKnownFileType = file; path = rhino.mp4; sourceTree = "<group>"; };
		6EEA90A828E1A9E2002D7511 /* cheetah.mp4 */ = {isa = PBXFileReference; lastKnownFileType = file; path = cheetah.mp4; sourceTree = "<group>"; };
		6EEA90A928E1A9E2002D7511 /* gorilla.mp4 */ = {isa = PBXFileReference; lastKnownFileType = file; path = gorilla.mp4; sourceTree = "<group>"; };
		6EEA90AA28E1A9E2002D7511 /* ostrich.mp4 */ = {isa = PBXFileReference; lastKnownFileType = file; path = ostrich.mp4; sourceTree = "<group>"; };
		6EEA90AB28E1A9E2002D7511 /* elephant.mp4 */ = {isa = PBXFileReference; lastKnownFileType = file; path = elephant.mp4; sourceTree = "<group>"; };
		6EEA90AC28E1A9E2002D7511 /* lioness.mp4 */ = {isa = PBXFileReference; lastKnownFileType = file; path = lioness.mp4; sourceTree = "<group>"; };
		6EEA90B828E1A9F6002D7511 /* AnimalModel.swift */ = {isa = PBXFileReference; fileEncoding = 4; lastKnownFileType = sourcecode.swift; path = AnimalModel.swift; sourceTree = "<group>"; };
		6EEA90B928E1A9F6002D7511 /* LocationModel.swift */ = {isa = PBXFileReference; fileEncoding = 4; lastKnownFileType = sourcecode.swift; path = LocationModel.swift; sourceTree = "<group>"; };
		6EEA90BA28E1A9F6002D7511 /* CoverImageModel.swift */ = {isa = PBXFileReference; fileEncoding = 4; lastKnownFileType = sourcecode.swift; path = CoverImageModel.swift; sourceTree = "<group>"; };
		6EEA90BB28E1A9F6002D7511 /* VideoModel.swift */ = {isa = PBXFileReference; fileEncoding = 4; lastKnownFileType = sourcecode.swift; path = VideoModel.swift; sourceTree = "<group>"; };
		6EEA90C028E1AA41002D7511 /* Info.plist */ = {isa = PBXFileReference; lastKnownFileType = text.plist; path = Info.plist; sourceTree = "<group>"; };
		6EEA90C328E1AB0D002D7511 /* VideoListView.swift */ = {isa = PBXFileReference; lastKnownFileType = sourcecode.swift; path = VideoListView.swift; sourceTree = "<group>"; };
		6EEA90C528E1AB14002D7511 /* MapView.swift */ = {isa = PBXFileReference; lastKnownFileType = sourcecode.swift; path = MapView.swift; sourceTree = "<group>"; };
		6EEA90C728E1AB21002D7511 /* GalleryView.swift */ = {isa = PBXFileReference; lastKnownFileType = sourcecode.swift; path = GalleryView.swift; sourceTree = "<group>"; };
		6EEA90C928E1AB2C002D7511 /* MainView.swift */ = {isa = PBXFileReference; lastKnownFileType = sourcecode.swift; path = MainView.swift; sourceTree = "<group>"; };
		6EEA90CB28E1AC7D002D7511 /* CoverImageView.swift */ = {isa = PBXFileReference; lastKnownFileType = sourcecode.swift; path = CoverImageView.swift; sourceTree = "<group>"; };
		6EEA90CE28E1AFD7002D7511 /* CodableBundleExtension.swift */ = {isa = PBXFileReference; lastKnownFileType = sourcecode.swift; path = CodableBundleExtension.swift; sourceTree = "<group>"; };
		6EEA90D028E1B22A002D7511 /* AnimalListItemView.swift */ = {isa = PBXFileReference; lastKnownFileType = sourcecode.swift; path = AnimalListItemView.swift; sourceTree = "<group>"; };
		6EEA90D228E1B63D002D7511 /* AnimalDetailView.swift */ = {isa = PBXFileReference; lastKnownFileType = sourcecode.swift; path = AnimalDetailView.swift; sourceTree = "<group>"; };
		6EEA90D428E1B786002D7511 /* HeadingView.swift */ = {isa = PBXFileReference; lastKnownFileType = sourcecode.swift; path = HeadingView.swift; sourceTree = "<group>"; };
		6EEA90D628E1C4F5002D7511 /* InsetGalleryView.swift */ = {isa = PBXFileReference; lastKnownFileType = sourcecode.swift; path = InsetGalleryView.swift; sourceTree = "<group>"; };
/* End PBXFileReference section */

/* Begin PBXFrameworksBuildPhase section */
		6E3C7F3328E1A84500BE5942 /* Frameworks */ = {
			isa = PBXFrameworksBuildPhase;
			buildActionMask = 2147483647;
			files = (
			);
			runOnlyForDeploymentPostprocessing = 0;
		};
/* End PBXFrameworksBuildPhase section */

/* Begin PBXGroup section */
		6E3C7F2D28E1A84500BE5942 = {
			isa = PBXGroup;
			children = (
				6E3C7F3828E1A84500BE5942 /* Africa */,
				6E3C7F3728E1A84500BE5942 /* Products */,
			);
			sourceTree = "<group>";
		};
		6E3C7F3728E1A84500BE5942 /* Products */ = {
			isa = PBXGroup;
			children = (
				6E3C7F3628E1A84500BE5942 /* Africa.app */,
			);
			name = Products;
			sourceTree = "<group>";
		};
		6E3C7F3828E1A84500BE5942 /* Africa */ = {
			isa = PBXGroup;
			children = (
				6EEA90CD28E1AFBA002D7511 /* Extension */,
				6EEA90C228E1AAE9002D7511 /* View */,
				6EEA90C028E1AA41002D7511 /* Info.plist */,
				6EEA90B728E1A9EB002D7511 /* Model */,
				6EEA90A228E1A9D4002D7511 /* Video */,
				6EEA909928E1A9AD002D7511 /* Data */,
				6EEA90C128E1AACC002D7511 /* App */,
				6E3C7F3D28E1A84800BE5942 /* Assets.xcassets */,
				6E3C7F3F28E1A84800BE5942 /* Preview Content */,
			);
			path = Africa;
			sourceTree = "<group>";
		};
		6E3C7F3F28E1A84800BE5942 /* Preview Content */ = {
			isa = PBXGroup;
			children = (
				6E3C7F4028E1A84800BE5942 /* Preview Assets.xcassets */,
			);
			path = "Preview Content";
			sourceTree = "<group>";
		};
		6EEA909928E1A9AD002D7511 /* Data */ = {
			isa = PBXGroup;
			children = (
				6EEA909B28E1A9C6002D7511 /* animals.json */,
				6EEA909A28E1A9C6002D7511 /* covers.json */,
				6EEA909C28E1A9C6002D7511 /* locations.json */,
				6EEA909D28E1A9C6002D7511 /* videos.json */,
			);
			path = Data;
			sourceTree = "<group>";
		};
		6EEA90A228E1A9D4002D7511 /* Video */ = {
			isa = PBXGroup;
			children = (
				6EEA90A828E1A9E2002D7511 /* cheetah.mp4 */,
				6EEA90AB28E1A9E2002D7511 /* elephant.mp4 */,
				6EEA90A528E1A9E2002D7511 /* giraffe.mp4 */,
				6EEA90A928E1A9E2002D7511 /* gorilla.mp4 */,
				6EEA90A328E1A9E2002D7511 /* hippo.mp4 */,
				6EEA90A628E1A9E2002D7511 /* lion.mp4 */,
				6EEA90AC28E1A9E2002D7511 /* lioness.mp4 */,
				6EEA90AA28E1A9E2002D7511 /* ostrich.mp4 */,
				6EEA90A728E1A9E2002D7511 /* rhino.mp4 */,
				6EEA90A428E1A9E2002D7511 /* zebra.mp4 */,
			);
			path = Video;
			sourceTree = "<group>";
		};
		6EEA90B728E1A9EB002D7511 /* Model */ = {
			isa = PBXGroup;
			children = (
				6EEA90B828E1A9F6002D7511 /* AnimalModel.swift */,
				6EEA90BA28E1A9F6002D7511 /* CoverImageModel.swift */,
				6EEA90B928E1A9F6002D7511 /* LocationModel.swift */,
				6EEA90BB28E1A9F6002D7511 /* VideoModel.swift */,
			);
			path = Model;
			sourceTree = "<group>";
		};
		6EEA90C128E1AACC002D7511 /* App */ = {
			isa = PBXGroup;
			children = (
				6EEA90C928E1AB2C002D7511 /* MainView.swift */,
				6EEA90C328E1AB0D002D7511 /* VideoListView.swift */,
				6EEA90C528E1AB14002D7511 /* MapView.swift */,
				6EEA90C728E1AB21002D7511 /* GalleryView.swift */,
				6E3C7F3928E1A84500BE5942 /* AfricaApp.swift */,
				6E3C7F3B28E1A84500BE5942 /* ContentView.swift */,
			);
			path = App;
			sourceTree = "<group>";
		};
		6EEA90C228E1AAE9002D7511 /* View */ = {
			isa = PBXGroup;
			children = (
				6EEA90CB28E1AC7D002D7511 /* CoverImageView.swift */,
				6EEA90D028E1B22A002D7511 /* AnimalListItemView.swift */,
				6EEA90D228E1B63D002D7511 /* AnimalDetailView.swift */,
				6EEA90D428E1B786002D7511 /* HeadingView.swift */,
				6EEA90D628E1C4F5002D7511 /* InsetGalleryView.swift */,
				6E5C30D428E1C86400A13A8F /* InsetFactView.swift */,
			);
			path = View;
			sourceTree = "<group>";
		};
		6EEA90CD28E1AFBA002D7511 /* Extension */ = {
			isa = PBXGroup;
			children = (
				6EEA90CE28E1AFD7002D7511 /* CodableBundleExtension.swift */,
			);
			path = Extension;
			sourceTree = "<group>";
		};
/* End PBXGroup section */

/* Begin PBXNativeTarget section */
		6E3C7F3528E1A84500BE5942 /* Africa */ = {
			isa = PBXNativeTarget;
			buildConfigurationList = 6E3C7F4428E1A84800BE5942 /* Build configuration list for PBXNativeTarget "Africa" */;
			buildPhases = (
				6E3C7F3228E1A84500BE5942 /* Sources */,
				6E3C7F3328E1A84500BE5942 /* Frameworks */,
				6E3C7F3428E1A84500BE5942 /* Resources */,
			);
			buildRules = (
			);
			dependencies = (
			);
			name = Africa;
			productName = Africa;
			productReference = 6E3C7F3628E1A84500BE5942 /* Africa.app */;
			productType = "com.apple.product-type.application";
		};
/* End PBXNativeTarget section */

/* Begin PBXProject section */
		6E3C7F2E28E1A84500BE5942 /* Project object */ = {
			isa = PBXProject;
			attributes = {
				BuildIndependentTargetsInParallel = 1;
				LastSwiftUpdateCheck = 1400;
				LastUpgradeCheck = 1400;
				TargetAttributes = {
					6E3C7F3528E1A84500BE5942 = {
						CreatedOnToolsVersion = 14.0;
					};
				};
			};
			buildConfigurationList = 6E3C7F3128E1A84500BE5942 /* Build configuration list for PBXProject "Africa" */;
			compatibilityVersion = "Xcode 14.0";
			developmentRegion = en;
			hasScannedForEncodings = 0;
			knownRegions = (
				en,
				Base,
			);
			mainGroup = 6E3C7F2D28E1A84500BE5942;
			productRefGroup = 6E3C7F3728E1A84500BE5942 /* Products */;
			projectDirPath = "";
			projectRoot = "";
			targets = (
				6E3C7F3528E1A84500BE5942 /* Africa */,
			);
		};
/* End PBXProject section */

/* Begin PBXResourcesBuildPhase section */
		6E3C7F3428E1A84500BE5942 /* Resources */ = {
			isa = PBXResourcesBuildPhase;
			buildActionMask = 2147483647;
			files = (
				6E3C7F4128E1A84800BE5942 /* Preview Assets.xcassets in Resources */,
				6EEA909F28E1A9C6002D7511 /* animals.json in Resources */,
				6EEA90AD28E1A9E2002D7511 /* hippo.mp4 in Resources */,
				6EEA90B028E1A9E2002D7511 /* lion.mp4 in Resources */,
				6EEA90A028E1A9C6002D7511 /* locations.json in Resources */,
				6EEA90AE28E1A9E2002D7511 /* zebra.mp4 in Resources */,
				6EEA909E28E1A9C6002D7511 /* covers.json in Resources */,
				6EEA90B628E1A9E2002D7511 /* lioness.mp4 in Resources */,
				6E3C7F3E28E1A84800BE5942 /* Assets.xcassets in Resources */,
				6EEA90B528E1A9E2002D7511 /* elephant.mp4 in Resources */,
				6EEA90B428E1A9E2002D7511 /* ostrich.mp4 in Resources */,
				6EEA90B228E1A9E2002D7511 /* cheetah.mp4 in Resources */,
				6EEA90A128E1A9C6002D7511 /* videos.json in Resources */,
				6EEA90B128E1A9E2002D7511 /* rhino.mp4 in Resources */,
				6EEA90B328E1A9E2002D7511 /* gorilla.mp4 in Resources */,
				6EEA90AF28E1A9E2002D7511 /* giraffe.mp4 in Resources */,
			);
			runOnlyForDeploymentPostprocessing = 0;
		};
/* End PBXResourcesBuildPhase section */

/* Begin PBXSourcesBuildPhase section */
		6E3C7F3228E1A84500BE5942 /* Sources */ = {
			isa = PBXSourcesBuildPhase;
			buildActionMask = 2147483647;
			files = (
				6EEA90BE28E1A9F6002D7511 /* CoverImageModel.swift in Sources */,
				6EEA90D528E1B786002D7511 /* HeadingView.swift in Sources */,
				6EEA90D328E1B63D002D7511 /* AnimalDetailView.swift in Sources */,
				6EEA90C628E1AB14002D7511 /* MapView.swift in Sources */,
				6EEA90BF28E1A9F6002D7511 /* VideoModel.swift in Sources */,
				6EEA90CA28E1AB2C002D7511 /* MainView.swift in Sources */,
				6EEA90C428E1AB0D002D7511 /* VideoListView.swift in Sources */,
				6E5C30D528E1C86400A13A8F /* InsetFactView.swift in Sources */,
				6EEA90BD28E1A9F6002D7511 /* LocationModel.swift in Sources */,
				6EEA90CC28E1AC7D002D7511 /* CoverImageView.swift in Sources */,
				6E3C7F3C28E1A84500BE5942 /* ContentView.swift in Sources */,
				6EEA90CF28E1AFD7002D7511 /* CodableBundleExtension.swift in Sources */,
				6EEA90BC28E1A9F6002D7511 /* AnimalModel.swift in Sources */,
				6EEA90C828E1AB21002D7511 /* GalleryView.swift in Sources */,
				6E3C7F3A28E1A84500BE5942 /* AfricaApp.swift in Sources */,
				6EEA90D128E1B22A002D7511 /* AnimalListItemView.swift in Sources */,
				6EEA90D728E1C4F5002D7511 /* InsetGalleryView.swift in Sources */,
			);
			runOnlyForDeploymentPostprocessing = 0;
		};
/* End PBXSourcesBuildPhase section */

/* Begin XCBuildConfiguration section */
		6E3C7F4228E1A84800BE5942 /* Debug */ = {
			isa = XCBuildConfiguration;
			buildSettings = {
				ALWAYS_SEARCH_USER_PATHS = NO;
				CLANG_ANALYZER_NONNULL = YES;
				CLANG_ANALYZER_NUMBER_OBJECT_CONVERSION = YES_AGGRESSIVE;
				CLANG_CXX_LANGUAGE_STANDARD = "gnu++20";
				CLANG_ENABLE_MODULES = YES;
				CLANG_ENABLE_OBJC_ARC = YES;
				CLANG_ENABLE_OBJC_WEAK = YES;
				CLANG_WARN_BLOCK_CAPTURE_AUTORELEASING = YES;
				CLANG_WARN_BOOL_CONVERSION = YES;
				CLANG_WARN_COMMA = YES;
				CLANG_WARN_CONSTANT_CONVERSION = YES;
				CLANG_WARN_DEPRECATED_OBJC_IMPLEMENTATIONS = YES;
				CLANG_WARN_DIRECT_OBJC_ISA_USAGE = YES_ERROR;
				CLANG_WARN_DOCUMENTATION_COMMENTS = YES;
				CLANG_WARN_EMPTY_BODY = YES;
				CLANG_WARN_ENUM_CONVERSION = YES;
				CLANG_WARN_INFINITE_RECURSION = YES;
				CLANG_WARN_INT_CONVERSION = YES;
				CLANG_WARN_NON_LITERAL_NULL_CONVERSION = YES;
				CLANG_WARN_OBJC_IMPLICIT_RETAIN_SELF = YES;
				CLANG_WARN_OBJC_LITERAL_CONVERSION = YES;
				CLANG_WARN_OBJC_ROOT_CLASS = YES_ERROR;
				CLANG_WARN_QUOTED_INCLUDE_IN_FRAMEWORK_HEADER = YES;
				CLANG_WARN_RANGE_LOOP_ANALYSIS = YES;
				CLANG_WARN_STRICT_PROTOTYPES = YES;
				CLANG_WARN_SUSPICIOUS_MOVE = YES;
				CLANG_WARN_UNGUARDED_AVAILABILITY = YES_AGGRESSIVE;
				CLANG_WARN_UNREACHABLE_CODE = YES;
				CLANG_WARN__DUPLICATE_METHOD_MATCH = YES;
				COPY_PHASE_STRIP = NO;
				DEBUG_INFORMATION_FORMAT = dwarf;
				ENABLE_STRICT_OBJC_MSGSEND = YES;
				ENABLE_TESTABILITY = YES;
				GCC_C_LANGUAGE_STANDARD = gnu11;
				GCC_DYNAMIC_NO_PIC = NO;
				GCC_NO_COMMON_BLOCKS = YES;
				GCC_OPTIMIZATION_LEVEL = 0;
				GCC_PREPROCESSOR_DEFINITIONS = (
					"DEBUG=1",
					"$(inherited)",
				);
				GCC_WARN_64_TO_32_BIT_CONVERSION = YES;
				GCC_WARN_ABOUT_RETURN_TYPE = YES_ERROR;
				GCC_WARN_UNDECLARED_SELECTOR = YES;
				GCC_WARN_UNINITIALIZED_AUTOS = YES_AGGRESSIVE;
				GCC_WARN_UNUSED_FUNCTION = YES;
				GCC_WARN_UNUSED_VARIABLE = YES;
				IPHONEOS_DEPLOYMENT_TARGET = 16.0;
				MTL_ENABLE_DEBUG_INFO = INCLUDE_SOURCE;
				MTL_FAST_MATH = YES;
				ONLY_ACTIVE_ARCH = YES;
				SDKROOT = iphoneos;
				SWIFT_ACTIVE_COMPILATION_CONDITIONS = DEBUG;
				SWIFT_OPTIMIZATION_LEVEL = "-Onone";
			};
			name = Debug;
		};
		6E3C7F4328E1A84800BE5942 /* Release */ = {
			isa = XCBuildConfiguration;
			buildSettings = {
				ALWAYS_SEARCH_USER_PATHS = NO;
				CLANG_ANALYZER_NONNULL = YES;
				CLANG_ANALYZER_NUMBER_OBJECT_CONVERSION = YES_AGGRESSIVE;
				CLANG_CXX_LANGUAGE_STANDARD = "gnu++20";
				CLANG_ENABLE_MODULES = YES;
				CLANG_ENABLE_OBJC_ARC = YES;
				CLANG_ENABLE_OBJC_WEAK = YES;
				CLANG_WARN_BLOCK_CAPTURE_AUTORELEASING = YES;
				CLANG_WARN_BOOL_CONVERSION = YES;
				CLANG_WARN_COMMA = YES;
				CLANG_WARN_CONSTANT_CONVERSION = YES;
				CLANG_WARN_DEPRECATED_OBJC_IMPLEMENTATIONS = YES;
				CLANG_WARN_DIRECT_OBJC_ISA_USAGE = YES_ERROR;
				CLANG_WARN_DOCUMENTATION_COMMENTS = YES;
				CLANG_WARN_EMPTY_BODY = YES;
				CLANG_WARN_ENUM_CONVERSION = YES;
				CLANG_WARN_INFINITE_RECURSION = YES;
				CLANG_WARN_INT_CONVERSION = YES;
				CLANG_WARN_NON_LITERAL_NULL_CONVERSION = YES;
				CLANG_WARN_OBJC_IMPLICIT_RETAIN_SELF = YES;
				CLANG_WARN_OBJC_LITERAL_CONVERSION = YES;
				CLANG_WARN_OBJC_ROOT_CLASS = YES_ERROR;
				CLANG_WARN_QUOTED_INCLUDE_IN_FRAMEWORK_HEADER = YES;
				CLANG_WARN_RANGE_LOOP_ANALYSIS = YES;
				CLANG_WARN_STRICT_PROTOTYPES = YES;
				CLANG_WARN_SUSPICIOUS_MOVE = YES;
				CLANG_WARN_UNGUARDED_AVAILABILITY = YES_AGGRESSIVE;
				CLANG_WARN_UNREACHABLE_CODE = YES;
				CLANG_WARN__DUPLICATE_METHOD_MATCH = YES;
				COPY_PHASE_STRIP = NO;
				DEBUG_INFORMATION_FORMAT = "dwarf-with-dsym";
				ENABLE_NS_ASSERTIONS = NO;
				ENABLE_STRICT_OBJC_MSGSEND = YES;
				GCC_C_LANGUAGE_STANDARD = gnu11;
				GCC_NO_COMMON_BLOCKS = YES;
				GCC_WARN_64_TO_32_BIT_CONVERSION = YES;
				GCC_WARN_ABOUT_RETURN_TYPE = YES_ERROR;
				GCC_WARN_UNDECLARED_SELECTOR = YES;
				GCC_WARN_UNINITIALIZED_AUTOS = YES_AGGRESSIVE;
				GCC_WARN_UNUSED_FUNCTION = YES;
				GCC_WARN_UNUSED_VARIABLE = YES;
				IPHONEOS_DEPLOYMENT_TARGET = 16.0;
				MTL_ENABLE_DEBUG_INFO = NO;
				MTL_FAST_MATH = YES;
				SDKROOT = iphoneos;
				SWIFT_COMPILATION_MODE = wholemodule;
				SWIFT_OPTIMIZATION_LEVEL = "-O";
				VALIDATE_PRODUCT = YES;
			};
			name = Release;
		};
		6E3C7F4528E1A84800BE5942 /* Debug */ = {
			isa = XCBuildConfiguration;
			buildSettings = {
				ASSETCATALOG_COMPILER_APPICON_NAME = AppIcon;
				ASSETCATALOG_COMPILER_GLOBAL_ACCENT_COLOR_NAME = AccentColor;
				CODE_SIGN_STYLE = Automatic;
				CURRENT_PROJECT_VERSION = 1;
				DEVELOPMENT_ASSET_PATHS = "\"Africa/Preview Content\"";
				DEVELOPMENT_TEAM = RUTCP6369G;
				ENABLE_PREVIEWS = YES;
				GENERATE_INFOPLIST_FILE = YES;
				INFOPLIST_FILE = Africa/Info.plist;
				INFOPLIST_KEY_UIApplicationSceneManifest_Generation = YES;
				INFOPLIST_KEY_UIApplicationSupportsIndirectInputEvents = YES;
				INFOPLIST_KEY_UISupportedInterfaceOrientations_iPad = "UIInterfaceOrientationPortrait UIInterfaceOrientationPortraitUpsideDown UIInterfaceOrientationLandscapeLeft UIInterfaceOrientationLandscapeRight";
				INFOPLIST_KEY_UISupportedInterfaceOrientations_iPhone = "UIInterfaceOrientationPortrait UIInterfaceOrientationLandscapeLeft UIInterfaceOrientationLandscapeRight";
				INFOPLIST_KEY_UIUserInterfaceStyle = Dark;
				LD_RUNPATH_SEARCH_PATHS = (
					"$(inherited)",
					"@executable_path/Frameworks",
				);
				MARKETING_VERSION = 1.0;
				PRODUCT_BUNDLE_IDENTIFIER = com.test.Africa;
				PRODUCT_NAME = "$(TARGET_NAME)";
				SWIFT_EMIT_LOC_STRINGS = YES;
				SWIFT_VERSION = 5.0;
				TARGETED_DEVICE_FAMILY = "1,2";
			};
			name = Debug;
		};
		6E3C7F4628E1A84800BE5942 /* Release */ = {
			isa = XCBuildConfiguration;
			buildSettings = {
				ASSETCATALOG_COMPILER_APPICON_NAME = AppIcon;
				ASSETCATALOG_COMPILER_GLOBAL_ACCENT_COLOR_NAME = AccentColor;
				CODE_SIGN_STYLE = Automatic;
				CURRENT_PROJECT_VERSION = 1;
				DEVELOPMENT_ASSET_PATHS = "\"Africa/Preview Content\"";
				DEVELOPMENT_TEAM = RUTCP6369G;
				ENABLE_PREVIEWS = YES;
				GENERATE_INFOPLIST_FILE = YES;
				INFOPLIST_FILE = Africa/Info.plist;
				INFOPLIST_KEY_UIApplicationSceneManifest_Generation = YES;
				INFOPLIST_KEY_UIApplicationSupportsIndirectInputEvents = YES;
				INFOPLIST_KEY_UISupportedInterfaceOrientations_iPad = "UIInterfaceOrientationPortrait UIInterfaceOrientationPortraitUpsideDown UIInterfaceOrientationLandscapeLeft UIInterfaceOrientationLandscapeRight";
				INFOPLIST_KEY_UISupportedInterfaceOrientations_iPhone = "UIInterfaceOrientationPortrait UIInterfaceOrientationLandscapeLeft UIInterfaceOrientationLandscapeRight";
				INFOPLIST_KEY_UIUserInterfaceStyle = Dark;
				LD_RUNPATH_SEARCH_PATHS = (
					"$(inherited)",
					"@executable_path/Frameworks",
				);
				MARKETING_VERSION = 1.0;
				PRODUCT_BUNDLE_IDENTIFIER = com.test.Africa;
				PRODUCT_NAME = "$(TARGET_NAME)";
				SWIFT_EMIT_LOC_STRINGS = YES;
				SWIFT_VERSION = 5.0;
				TARGETED_DEVICE_FAMILY = "1,2";
			};
			name = Release;
		};
/* End XCBuildConfiguration section */

/* Begin XCConfigurationList section */
		6E3C7F3128E1A84500BE5942 /* Build configuration list for PBXProject "Africa" */ = {
			isa = XCConfigurationList;
			buildConfigurations = (
				6E3C7F4228E1A84800BE5942 /* Debug */,
				6E3C7F4328E1A84800BE5942 /* Release */,
			);
			defaultConfigurationIsVisible = 0;
			defaultConfigurationName = Release;
		};
		6E3C7F4428E1A84800BE5942 /* Build configuration list for PBXNativeTarget "Africa" */ = {
			isa = XCConfigurationList;
			buildConfigurations = (
				6E3C7F4528E1A84800BE5942 /* Debug */,
				6E3C7F4628E1A84800BE5942 /* Release */,
			);
			defaultConfigurationIsVisible = 0;
			defaultConfigurationName = Release;
		};
/* End XCConfigurationList section */
	};
	rootObject = 6E3C7F2E28E1A84500BE5942 /* Project object */;
}
